// !$*UTF8*$!
{
	archiveVersion = 1;
	classes = {
	};
	objectVersion = 50;
	objects = {

/* Begin PBXBuildFile section */
		37F675D21E7BDACEA19DD813 /* Pods_Counter.framework in Frameworks */ = {isa = PBXBuildFile; fileRef = 7DE577246B608F750EBB52D7 /* Pods_Counter.framework */; };
		6205469D4FB0CF9BABAD6728 /* Pods_CounterTests.framework in Frameworks */ = {isa = PBXBuildFile; fileRef = E118C95544FBA62885C1ABAA /* Pods_CounterTests.framework */; };
		D238527A21D625D20023C481 /* AppDelegate.swift in Sources */ = {isa = PBXBuildFile; fileRef = D238527921D625D20023C481 /* AppDelegate.swift */; };
		D238527C21D625D20023C481 /* ViewController.swift in Sources */ = {isa = PBXBuildFile; fileRef = D238527B21D625D20023C481 /* ViewController.swift */; };
		D238527F21D625D20023C481 /* Main.storyboard in Resources */ = {isa = PBXBuildFile; fileRef = D238527D21D625D20023C481 /* Main.storyboard */; };
		D238528121D625D30023C481 /* Assets.xcassets in Resources */ = {isa = PBXBuildFile; fileRef = D238528021D625D30023C481 /* Assets.xcassets */; };
		D238528421D625D30023C481 /* LaunchScreen.storyboard in Resources */ = {isa = PBXBuildFile; fileRef = D238528221D625D30023C481 /* LaunchScreen.storyboard */; };
		D238528F21D625D30023C481 /* CounterTests.swift in Sources */ = {isa = PBXBuildFile; fileRef = D238528E21D625D30023C481 /* CounterTests.swift */; };
/* End PBXBuildFile section */

/* Begin PBXContainerItemProxy section */
		D238528B21D625D30023C481 /* PBXContainerItemProxy */ = {
			isa = PBXContainerItemProxy;
			containerPortal = D238526E21D625D20023C481 /* Project object */;
			proxyType = 1;
			remoteGlobalIDString = D238527521D625D20023C481;
			remoteInfo = Counter;
		};
/* End PBXContainerItemProxy section */

/* Begin PBXFileReference section */
		05C6497E54D66A5E32A249F2 /* Pods-Counter.release.xcconfig */ = {isa = PBXFileReference; includeInIndex = 1; lastKnownFileType = text.xcconfig; name = "Pods-Counter.release.xcconfig"; path = "Pods/Target Support Files/Pods-Counter/Pods-Counter.release.xcconfig"; sourceTree = "<group>"; };
		18ACE06FC532839341C9A88C /* Pods-CounterTests.release.xcconfig */ = {isa = PBXFileReference; includeInIndex = 1; lastKnownFileType = text.xcconfig; name = "Pods-CounterTests.release.xcconfig"; path = "Pods/Target Support Files/Pods-CounterTests/Pods-CounterTests.release.xcconfig"; sourceTree = "<group>"; };
		1EBF2B3850FAC45258903260 /* Pods-CounterTests.debug.xcconfig */ = {isa = PBXFileReference; includeInIndex = 1; lastKnownFileType = text.xcconfig; name = "Pods-CounterTests.debug.xcconfig"; path = "Pods/Target Support Files/Pods-CounterTests/Pods-CounterTests.debug.xcconfig"; sourceTree = "<group>"; };
		4EBEA6713412BDFFAEB14712 /* Pods-Counter.debug.xcconfig */ = {isa = PBXFileReference; includeInIndex = 1; lastKnownFileType = text.xcconfig; name = "Pods-Counter.debug.xcconfig"; path = "Pods/Target Support Files/Pods-Counter/Pods-Counter.debug.xcconfig"; sourceTree = "<group>"; };
		7DE577246B608F750EBB52D7 /* Pods_Counter.framework */ = {isa = PBXFileReference; explicitFileType = wrapper.framework; includeInIndex = 0; path = Pods_Counter.framework; sourceTree = BUILT_PRODUCTS_DIR; };
		D238527621D625D20023C481 /* Counter.app */ = {isa = PBXFileReference; explicitFileType = wrapper.application; includeInIndex = 0; path = Counter.app; sourceTree = BUILT_PRODUCTS_DIR; };
		D238527921D625D20023C481 /* AppDelegate.swift */ = {isa = PBXFileReference; lastKnownFileType = sourcecode.swift; path = AppDelegate.swift; sourceTree = "<group>"; };
		D238527B21D625D20023C481 /* ViewController.swift */ = {isa = PBXFileReference; lastKnownFileType = sourcecode.swift; path = ViewController.swift; sourceTree = "<group>"; };
		D238527E21D625D20023C481 /* Base */ = {isa = PBXFileReference; lastKnownFileType = file.storyboard; name = Base; path = Base.lproj/Main.storyboard; sourceTree = "<group>"; };
		D238528021D625D30023C481 /* Assets.xcassets */ = {isa = PBXFileReference; lastKnownFileType = folder.assetcatalog; path = Assets.xcassets; sourceTree = "<group>"; };
		D238528321D625D30023C481 /* Base */ = {isa = PBXFileReference; lastKnownFileType = file.storyboard; name = Base; path = Base.lproj/LaunchScreen.storyboard; sourceTree = "<group>"; };
		D238528521D625D30023C481 /* Info.plist */ = {isa = PBXFileReference; lastKnownFileType = text.plist.xml; path = Info.plist; sourceTree = "<group>"; };
		D238528A21D625D30023C481 /* CounterTests.xctest */ = {isa = PBXFileReference; explicitFileType = wrapper.cfbundle; includeInIndex = 0; path = CounterTests.xctest; sourceTree = BUILT_PRODUCTS_DIR; };
		D238528E21D625D30023C481 /* CounterTests.swift */ = {isa = PBXFileReference; lastKnownFileType = sourcecode.swift; path = CounterTests.swift; sourceTree = "<group>"; };
		D238529021D625D30023C481 /* Info.plist */ = {isa = PBXFileReference; lastKnownFileType = text.plist.xml; path = Info.plist; sourceTree = "<group>"; };
		E118C95544FBA62885C1ABAA /* Pods_CounterTests.framework */ = {isa = PBXFileReference; explicitFileType = wrapper.framework; includeInIndex = 0; path = Pods_CounterTests.framework; sourceTree = BUILT_PRODUCTS_DIR; };
/* End PBXFileReference section */

/* Begin PBXFrameworksBuildPhase section */
		D238527321D625D20023C481 /* Frameworks */ = {
			isa = PBXFrameworksBuildPhase;
			buildActionMask = 2147483647;
			files = (
				37F675D21E7BDACEA19DD813 /* Pods_Counter.framework in Frameworks */,
			);
			runOnlyForDeploymentPostprocessing = 0;
		};
		D238528721D625D30023C481 /* Frameworks */ = {
			isa = PBXFrameworksBuildPhase;
			buildActionMask = 2147483647;
			files = (
				6205469D4FB0CF9BABAD6728 /* Pods_CounterTests.framework in Frameworks */,
			);
			runOnlyForDeploymentPostprocessing = 0;
		};
/* End PBXFrameworksBuildPhase section */

/* Begin PBXGroup section */
		10029853A7B4A9B047113BE7 /* Pods */ = {
			isa = PBXGroup;
			children = (
				4EBEA6713412BDFFAEB14712 /* Pods-Counter.debug.xcconfig */,
				05C6497E54D66A5E32A249F2 /* Pods-Counter.release.xcconfig */,
				1EBF2B3850FAC45258903260 /* Pods-CounterTests.debug.xcconfig */,
				18ACE06FC532839341C9A88C /* Pods-CounterTests.release.xcconfig */,
			);
			name = Pods;
			sourceTree = "<group>";
		};
		31064C159619B64738B4FEF4 /* Frameworks */ = {
			isa = PBXGroup;
			children = (
				7DE577246B608F750EBB52D7 /* Pods_Counter.framework */,
				E118C95544FBA62885C1ABAA /* Pods_CounterTests.framework */,
			);
			name = Frameworks;
			sourceTree = "<group>";
		};
		D238526D21D625D20023C481 = {
			isa = PBXGroup;
			children = (
				D238529921D625E00023C481 /* Source */,
				D238527821D625D20023C481 /* Resources */,
				D238528D21D625D30023C481 /* Tests */,
				D238527721D625D20023C481 /* Products */,
				10029853A7B4A9B047113BE7 /* Pods */,
				31064C159619B64738B4FEF4 /* Frameworks */,
			);
			sourceTree = "<group>";
		};
		D238527721D625D20023C481 /* Products */ = {
			isa = PBXGroup;
			children = (
				D238527621D625D20023C481 /* Counter.app */,
				D238528A21D625D30023C481 /* CounterTests.xctest */,
			);
			name = Products;
			sourceTree = "<group>";
		};
		D238527821D625D20023C481 /* Resources */ = {
			isa = PBXGroup;
			children = (
				D238528021D625D30023C481 /* Assets.xcassets */,
				D238528221D625D30023C481 /* LaunchScreen.storyboard */,
				D238528521D625D30023C481 /* Info.plist */,
			);
			path = Resources;
			sourceTree = "<group>";
		};
		D238528D21D625D30023C481 /* Tests */ = {
			isa = PBXGroup;
			children = (
				D238528E21D625D30023C481 /* CounterTests.swift */,
				D238529021D625D30023C481 /* Info.plist */,
			);
			path = Tests;
			sourceTree = "<group>";
		};
		D238529921D625E00023C481 /* Source */ = {
			isa = PBXGroup;
			children = (
				D238527921D625D20023C481 /* AppDelegate.swift */,
				D238527B21D625D20023C481 /* ViewController.swift */,
				D238527D21D625D20023C481 /* Main.storyboard */,
			);
			path = Source;
			sourceTree = "<group>";
		};
/* End PBXGroup section */

/* Begin PBXNativeTarget section */
		D238527521D625D20023C481 /* Counter */ = {
			isa = PBXNativeTarget;
			buildConfigurationList = D238529321D625D30023C481 /* Build configuration list for PBXNativeTarget "Counter" */;
			buildPhases = (
				CD0622B93A4F745DAB06E14A /* [CP] Check Pods Manifest.lock */,
				D238527221D625D20023C481 /* Sources */,
				D238527321D625D20023C481 /* Frameworks */,
				D238527421D625D20023C481 /* Resources */,
				0EAA3C758736F77377FC3875 /* [CP] Embed Pods Frameworks */,
			);
			buildRules = (
			);
			dependencies = (
			);
			name = Counter;
			productName = Counter;
			productReference = D238527621D625D20023C481 /* Counter.app */;
			productType = "com.apple.product-type.application";
		};
		D238528921D625D30023C481 /* CounterTests */ = {
			isa = PBXNativeTarget;
			buildConfigurationList = D238529621D625D30023C481 /* Build configuration list for PBXNativeTarget "CounterTests" */;
			buildPhases = (
				A64B228AAB004761A3A045CC /* [CP] Check Pods Manifest.lock */,
				D238528621D625D30023C481 /* Sources */,
				D238528721D625D30023C481 /* Frameworks */,
				D238528821D625D30023C481 /* Resources */,
			);
			buildRules = (
			);
			dependencies = (
				D238528C21D625D30023C481 /* PBXTargetDependency */,
			);
			name = CounterTests;
			productName = CounterTests;
			productReference = D238528A21D625D30023C481 /* CounterTests.xctest */;
			productType = "com.apple.product-type.bundle.unit-test";
		};
/* End PBXNativeTarget section */

/* Begin PBXProject section */
		D238526E21D625D20023C481 /* Project object */ = {
			isa = PBXProject;
			attributes = {
				LastSwiftUpdateCheck = 1010;
				LastUpgradeCheck = 1010;
				ORGANIZATIONNAME = Unicore;
				TargetAttributes = {
					D238527521D625D20023C481 = {
						CreatedOnToolsVersion = 10.1;
					};
					D238528921D625D30023C481 = {
						CreatedOnToolsVersion = 10.1;
						TestTargetID = D238527521D625D20023C481;
					};
				};
			};
			buildConfigurationList = D238527121D625D20023C481 /* Build configuration list for PBXProject "Counter" */;
			compatibilityVersion = "Xcode 9.3";
			developmentRegion = en;
			hasScannedForEncodings = 0;
			knownRegions = (
				en,
				Base,
			);
			mainGroup = D238526D21D625D20023C481;
			productRefGroup = D238527721D625D20023C481 /* Products */;
			projectDirPath = "";
			projectRoot = "";
			targets = (
				D238527521D625D20023C481 /* Counter */,
				D238528921D625D30023C481 /* CounterTests */,
			);
		};
/* End PBXProject section */

/* Begin PBXResourcesBuildPhase section */
		D238527421D625D20023C481 /* Resources */ = {
			isa = PBXResourcesBuildPhase;
			buildActionMask = 2147483647;
			files = (
				D238528421D625D30023C481 /* LaunchScreen.storyboard in Resources */,
				D238528121D625D30023C481 /* Assets.xcassets in Resources */,
				D238527F21D625D20023C481 /* Main.storyboard in Resources */,
			);
			runOnlyForDeploymentPostprocessing = 0;
		};
		D238528821D625D30023C481 /* Resources */ = {
			isa = PBXResourcesBuildPhase;
			buildActionMask = 2147483647;
			files = (
			);
			runOnlyForDeploymentPostprocessing = 0;
		};
/* End PBXResourcesBuildPhase section */

/* Begin PBXShellScriptBuildPhase section */
		0EAA3C758736F77377FC3875 /* [CP] Embed Pods Frameworks */ = {
			isa = PBXShellScriptBuildPhase;
			buildActionMask = 2147483647;
			files = (
			);
			inputFileListPaths = (
			);
			inputPaths = (
				"${SRCROOT}/Pods/Target Support Files/Pods-Counter/Pods-Counter-frameworks.sh",
				"${BUILT_PRODUCTS_DIR}/Unicore/Unicore.framework",
			);
			name = "[CP] Embed Pods Frameworks";
			outputFileListPaths = (
			);
			outputPaths = (
				"${TARGET_BUILD_DIR}/${FRAMEWORKS_FOLDER_PATH}/Unicore.framework",
			);
			runOnlyForDeploymentPostprocessing = 0;
			shellPath = /bin/sh;
			shellScript = "\"${SRCROOT}/Pods/Target Support Files/Pods-Counter/Pods-Counter-frameworks.sh\"\n";
			showEnvVarsInLog = 0;
		};
		A64B228AAB004761A3A045CC /* [CP] Check Pods Manifest.lock */ = {
			isa = PBXShellScriptBuildPhase;
			buildActionMask = 2147483647;
			files = (
			);
			inputFileListPaths = (
			);
			inputPaths = (
				"${PODS_PODFILE_DIR_PATH}/Podfile.lock",
				"${PODS_ROOT}/Manifest.lock",
			);
			name = "[CP] Check Pods Manifest.lock";
			outputFileListPaths = (
			);
			outputPaths = (
				"$(DERIVED_FILE_DIR)/Pods-CounterTests-checkManifestLockResult.txt",
			);
			runOnlyForDeploymentPostprocessing = 0;
			shellPath = /bin/sh;
			shellScript = "diff \"${PODS_PODFILE_DIR_PATH}/Podfile.lock\" \"${PODS_ROOT}/Manifest.lock\" > /dev/null\nif [ $? != 0 ] ; then\n    # print error to STDERR\n    echo \"error: The sandbox is not in sync with the Podfile.lock. Run 'pod install' or update your CocoaPods installation.\" >&2\n    exit 1\nfi\n# This output is used by Xcode 'outputs' to avoid re-running this script phase.\necho \"SUCCESS\" > \"${SCRIPT_OUTPUT_FILE_0}\"\n";
			showEnvVarsInLog = 0;
		};
		CD0622B93A4F745DAB06E14A /* [CP] Check Pods Manifest.lock */ = {
			isa = PBXShellScriptBuildPhase;
			buildActionMask = 2147483647;
			files = (
			);
			inputFileListPaths = (
			);
			inputPaths = (
				"${PODS_PODFILE_DIR_PATH}/Podfile.lock",
				"${PODS_ROOT}/Manifest.lock",
			);
			name = "[CP] Check Pods Manifest.lock";
			outputFileListPaths = (
			);
			outputPaths = (
				"$(DERIVED_FILE_DIR)/Pods-Counter-checkManifestLockResult.txt",
			);
			runOnlyForDeploymentPostprocessing = 0;
			shellPath = /bin/sh;
			shellScript = "diff \"${PODS_PODFILE_DIR_PATH}/Podfile.lock\" \"${PODS_ROOT}/Manifest.lock\" > /dev/null\nif [ $? != 0 ] ; then\n    # print error to STDERR\n    echo \"error: The sandbox is not in sync with the Podfile.lock. Run 'pod install' or update your CocoaPods installation.\" >&2\n    exit 1\nfi\n# This output is used by Xcode 'outputs' to avoid re-running this script phase.\necho \"SUCCESS\" > \"${SCRIPT_OUTPUT_FILE_0}\"\n";
			showEnvVarsInLog = 0;
		};
/* End PBXShellScriptBuildPhase section */

/* Begin PBXSourcesBuildPhase section */
		D238527221D625D20023C481 /* Sources */ = {
			isa = PBXSourcesBuildPhase;
			buildActionMask = 2147483647;
			files = (
				D238527C21D625D20023C481 /* ViewController.swift in Sources */,
				D238527A21D625D20023C481 /* AppDelegate.swift in Sources */,
			);
			runOnlyForDeploymentPostprocessing = 0;
		};
		D238528621D625D30023C481 /* Sources */ = {
			isa = PBXSourcesBuildPhase;
			buildActionMask = 2147483647;
			files = (
				D238528F21D625D30023C481 /* CounterTests.swift in Sources */,
			);
			runOnlyForDeploymentPostprocessing = 0;
		};
/* End PBXSourcesBuildPhase section */

/* Begin PBXTargetDependency section */
		D238528C21D625D30023C481 /* PBXTargetDependency */ = {
			isa = PBXTargetDependency;
			target = D238527521D625D20023C481 /* Counter */;
			targetProxy = D238528B21D625D30023C481 /* PBXContainerItemProxy */;
		};
/* End PBXTargetDependency section */

/* Begin PBXVariantGroup section */
		D238527D21D625D20023C481 /* Main.storyboard */ = {
			isa = PBXVariantGroup;
			children = (
				D238527E21D625D20023C481 /* Base */,
			);
			name = Main.storyboard;
			sourceTree = "<group>";
		};
		D238528221D625D30023C481 /* LaunchScreen.storyboard */ = {
			isa = PBXVariantGroup;
			children = (
				D238528321D625D30023C481 /* Base */,
			);
			name = LaunchScreen.storyboard;
			sourceTree = "<group>";
		};
/* End PBXVariantGroup section */

/* Begin XCBuildConfiguration section */
		D238529121D625D30023C481 /* Debug */ = {
			isa = XCBuildConfiguration;
			buildSettings = {
				ALWAYS_SEARCH_USER_PATHS = NO;
				CLANG_ANALYZER_NONNULL = YES;
				CLANG_ANALYZER_NUMBER_OBJECT_CONVERSION = YES_AGGRESSIVE;
				CLANG_CXX_LANGUAGE_STANDARD = "gnu++14";
				CLANG_CXX_LIBRARY = "libc++";
				CLANG_ENABLE_MODULES = YES;
				CLANG_ENABLE_OBJC_ARC = YES;
				CLANG_ENABLE_OBJC_WEAK = YES;
				CLANG_WARN_BLOCK_CAPTURE_AUTORELEASING = YES;
				CLANG_WARN_BOOL_CONVERSION = YES;
				CLANG_WARN_COMMA = YES;
				CLANG_WARN_CONSTANT_CONVERSION = YES;
				CLANG_WARN_DEPRECATED_OBJC_IMPLEMENTATIONS = YES;
				CLANG_WARN_DIRECT_OBJC_ISA_USAGE = YES_ERROR;
				CLANG_WARN_DOCUMENTATION_COMMENTS = YES;
				CLANG_WARN_EMPTY_BODY = YES;
				CLANG_WARN_ENUM_CONVERSION = YES;
				CLANG_WARN_INFINITE_RECURSION = YES;
				CLANG_WARN_INT_CONVERSION = YES;
				CLANG_WARN_NON_LITERAL_NULL_CONVERSION = YES;
				CLANG_WARN_OBJC_IMPLICIT_RETAIN_SELF = YES;
				CLANG_WARN_OBJC_LITERAL_CONVERSION = YES;
				CLANG_WARN_OBJC_ROOT_CLASS = YES_ERROR;
				CLANG_WARN_RANGE_LOOP_ANALYSIS = YES;
				CLANG_WARN_STRICT_PROTOTYPES = YES;
				CLANG_WARN_SUSPICIOUS_MOVE = YES;
				CLANG_WARN_UNGUARDED_AVAILABILITY = YES_AGGRESSIVE;
				CLANG_WARN_UNREACHABLE_CODE = YES;
				CLANG_WARN__DUPLICATE_METHOD_MATCH = YES;
				CODE_SIGN_IDENTITY = "iPhone Developer";
				COPY_PHASE_STRIP = NO;
				DEBUG_INFORMATION_FORMAT = dwarf;
				ENABLE_STRICT_OBJC_MSGSEND = YES;
				ENABLE_TESTABILITY = YES;
				GCC_C_LANGUAGE_STANDARD = gnu11;
				GCC_DYNAMIC_NO_PIC = NO;
				GCC_NO_COMMON_BLOCKS = YES;
				GCC_OPTIMIZATION_LEVEL = 0;
				GCC_PREPROCESSOR_DEFINITIONS = (
					"DEBUG=1",
					"$(inherited)",
				);
				GCC_WARN_64_TO_32_BIT_CONVERSION = YES;
				GCC_WARN_ABOUT_RETURN_TYPE = YES_ERROR;
				GCC_WARN_UNDECLARED_SELECTOR = YES;
				GCC_WARN_UNINITIALIZED_AUTOS = YES_AGGRESSIVE;
				GCC_WARN_UNUSED_FUNCTION = YES;
				GCC_WARN_UNUSED_VARIABLE = YES;
				IPHONEOS_DEPLOYMENT_TARGET = 12.1;
				MTL_ENABLE_DEBUG_INFO = INCLUDE_SOURCE;
				MTL_FAST_MATH = YES;
				ONLY_ACTIVE_ARCH = YES;
				SDKROOT = iphoneos;
				SWIFT_ACTIVE_COMPILATION_CONDITIONS = DEBUG;
				SWIFT_OPTIMIZATION_LEVEL = "-Onone";
			};
			name = Debug;
		};
		D238529221D625D30023C481 /* Release */ = {
			isa = XCBuildConfiguration;
			buildSettings = {
				ALWAYS_SEARCH_USER_PATHS = NO;
				CLANG_ANALYZER_NONNULL = YES;
				CLANG_ANALYZER_NUMBER_OBJECT_CONVERSION = YES_AGGRESSIVE;
				CLANG_CXX_LANGUAGE_STANDARD = "gnu++14";
				CLANG_CXX_LIBRARY = "libc++";
				CLANG_ENABLE_MODULES = YES;
				CLANG_ENABLE_OBJC_ARC = YES;
				CLANG_ENABLE_OBJC_WEAK = YES;
				CLANG_WARN_BLOCK_CAPTURE_AUTORELEASING = YES;
				CLANG_WARN_BOOL_CONVERSION = YES;
				CLANG_WARN_COMMA = YES;
				CLANG_WARN_CONSTANT_CONVERSION = YES;
				CLANG_WARN_DEPRECATED_OBJC_IMPLEMENTATIONS = YES;
				CLANG_WARN_DIRECT_OBJC_ISA_USAGE = YES_ERROR;
				CLANG_WARN_DOCUMENTATION_COMMENTS = YES;
				CLANG_WARN_EMPTY_BODY = YES;
				CLANG_WARN_ENUM_CONVERSION = YES;
				CLANG_WARN_INFINITE_RECURSION = YES;
				CLANG_WARN_INT_CONVERSION = YES;
				CLANG_WARN_NON_LITERAL_NULL_CONVERSION = YES;
				CLANG_WARN_OBJC_IMPLICIT_RETAIN_SELF = YES;
				CLANG_WARN_OBJC_LITERAL_CONVERSION = YES;
				CLANG_WARN_OBJC_ROOT_CLASS = YES_ERROR;
				CLANG_WARN_RANGE_LOOP_ANALYSIS = YES;
				CLANG_WARN_STRICT_PROTOTYPES = YES;
				CLANG_WARN_SUSPICIOUS_MOVE = YES;
				CLANG_WARN_UNGUARDED_AVAILABILITY = YES_AGGRESSIVE;
				CLANG_WARN_UNREACHABLE_CODE = YES;
				CLANG_WARN__DUPLICATE_METHOD_MATCH = YES;
				CODE_SIGN_IDENTITY = "iPhone Developer";
				COPY_PHASE_STRIP = NO;
				DEBUG_INFORMATION_FORMAT = "dwarf-with-dsym";
				ENABLE_NS_ASSERTIONS = NO;
				ENABLE_STRICT_OBJC_MSGSEND = YES;
				GCC_C_LANGUAGE_STANDARD = gnu11;
				GCC_NO_COMMON_BLOCKS = YES;
				GCC_WARN_64_TO_32_BIT_CONVERSION = YES;
				GCC_WARN_ABOUT_RETURN_TYPE = YES_ERROR;
				GCC_WARN_UNDECLARED_SELECTOR = YES;
				GCC_WARN_UNINITIALIZED_AUTOS = YES_AGGRESSIVE;
				GCC_WARN_UNUSED_FUNCTION = YES;
				GCC_WARN_UNUSED_VARIABLE = YES;
				IPHONEOS_DEPLOYMENT_TARGET = 12.1;
				MTL_ENABLE_DEBUG_INFO = NO;
				MTL_FAST_MATH = YES;
				SDKROOT = iphoneos;
				SWIFT_COMPILATION_MODE = wholemodule;
				SWIFT_OPTIMIZATION_LEVEL = "-O";
				VALIDATE_PRODUCT = YES;
			};
			name = Release;
		};
		D238529421D625D30023C481 /* Debug */ = {
			isa = XCBuildConfiguration;
			baseConfigurationReference = 4EBEA6713412BDFFAEB14712 /* Pods-Counter.debug.xcconfig */;
			buildSettings = {
				ASSETCATALOG_COMPILER_APPICON_NAME = AppIcon;
				CODE_SIGN_STYLE = Automatic;
				INFOPLIST_FILE = "$(SRCROOT)/Resources/Info.plist";
				IPHONEOS_DEPLOYMENT_TARGET = 9.0;
				LD_RUNPATH_SEARCH_PATHS = (
					"$(inherited)",
					"@executable_path/Frameworks",
				);
				PRODUCT_BUNDLE_IDENTIFIER = codes.Unicore.Counter;
				PRODUCT_NAME = "$(TARGET_NAME)";
				SWIFT_VERSION = 4.2;
				TARGETED_DEVICE_FAMILY = "1,2";
			};
			name = Debug;
		};
		D238529521D625D30023C481 /* Release */ = {
			isa = XCBuildConfiguration;
			baseConfigurationReference = 05C6497E54D66A5E32A249F2 /* Pods-Counter.release.xcconfig */;
			buildSettings = {
				ASSETCATALOG_COMPILER_APPICON_NAME = AppIcon;
				CODE_SIGN_STYLE = Automatic;
				INFOPLIST_FILE = "$(SRCROOT)/Resources/Info.plist";
				IPHONEOS_DEPLOYMENT_TARGET = 9.0;
				LD_RUNPATH_SEARCH_PATHS = (
					"$(inherited)",
					"@executable_path/Frameworks",
				);
				PRODUCT_BUNDLE_IDENTIFIER = codes.Unicore.Counter;
				PRODUCT_NAME = "$(TARGET_NAME)";
				SWIFT_VERSION = 4.2;
				TARGETED_DEVICE_FAMILY = "1,2";
			};
			name = Release;
		};
		D238529721D625D30023C481 /* Debug */ = {
			isa = XCBuildConfiguration;
			baseConfigurationReference = 1EBF2B3850FAC45258903260 /* Pods-CounterTests.debug.xcconfig */;
			buildSettings = {
				BUNDLE_LOADER = "$(TEST_HOST)";
				CODE_SIGN_STYLE = Automatic;
				INFOPLIST_FILE = Tests/Info.plist;
				LD_RUNPATH_SEARCH_PATHS = (
					"$(inherited)",
					"@executable_path/Frameworks",
					"@loader_path/Frameworks",
				);
				PRODUCT_BUNDLE_IDENTIFIER = codes.Unicore.CounterTests;
				PRODUCT_NAME = "$(TARGET_NAME)";
				SWIFT_VERSION = 4.2;
				TARGETED_DEVICE_FAMILY = "1,2";
				TEST_HOST = "$(BUILT_PRODUCTS_DIR)/Counter.app/Counter";
			};
			name = Debug;
		};
		D238529821D625D30023C481 /* Release */ = {
			isa = XCBuildConfiguration;
			baseConfigurationReference = 18ACE06FC532839341C9A88C /* Pods-CounterTests.release.xcconfig */;
			buildSettings = {
				BUNDLE_LOADER = "$(TEST_HOST)";
				CODE_SIGN_STYLE = Automatic;
				INFOPLIST_FILE = Tests/Info.plist;
				LD_RUNPATH_SEARCH_PATHS = (
					"$(inherited)",
					"@executable_path/Frameworks",
					"@loader_path/Frameworks",
				);
				PRODUCT_BUNDLE_IDENTIFIER = codes.Unicore.CounterTests;
				PRODUCT_NAME = "$(TARGET_NAME)";
				SWIFT_VERSION = 4.2;
				TARGETED_DEVICE_FAMILY = "1,2";
				TEST_HOST = "$(BUILT_PRODUCTS_DIR)/Counter.app/Counter";
			};
			name = Release;
		};
/* End XCBuildConfiguration section */

/* Begin XCConfigurationList section */
		D238527121D625D20023C481 /* Build configuration list for PBXProject "Counter" */ = {
			isa = XCConfigurationList;
			buildConfigurations = (
				D238529121D625D30023C481 /* Debug */,
				D238529221D625D30023C481 /* Release */,
			);
			defaultConfigurationIsVisible = 0;
			defaultConfigurationName = Release;
		};
		D238529321D625D30023C481 /* Build configuration list for PBXNativeTarget "Counter" */ = {
			isa = XCConfigurationList;
			buildConfigurations = (
				D238529421D625D30023C481 /* Debug */,
				D238529521D625D30023C481 /* Release */,
			);
			defaultConfigurationIsVisible = 0;
			defaultConfigurationName = Release;
		};
		D238529621D625D30023C481 /* Build configuration list for PBXNativeTarget "CounterTests" */ = {
			isa = XCConfigurationList;
			buildConfigurations = (
				D238529721D625D30023C481 /* Debug */,
				D238529821D625D30023C481 /* Release */,
			);
			defaultConfigurationIsVisible = 0;
			defaultConfigurationName = Release;
		};
/* End XCConfigurationList section */
	};
	rootObject = D238526E21D625D20023C481 /* Project object */;
}
